
Microsoft Visual Studio Solution File, Format Version 12.00
# Visual Studio Version 17
VisualStudioVersion = 17.5.002.0
MinimumVisualStudioVersion = 10.0.40219.1
Project("{2150E333-8FDC-42A3-9474-1A3956D46DE8}") = "lesson1", "lesson1", "{10EBA77B-D252-4155-8FD8-D1B92FEC2C58}"
EndProject
Project("{9A19103F-16F7-4668-BE54-9A1E7A4F7556}") = "учу C#", "lesson1\task1\учу C#.csproj", "{27A85369-1D8D-468B-A32A-0A2432D0BFD0}"
EndProject
Project("{9A19103F-16F7-4668-BE54-9A1E7A4F7556}") = "task10", "lesson1\task10\task10.csproj", "{9B81C321-1827-4F39-8018-84CA493F20FB}"
EndProject
Project("{9A19103F-16F7-4668-BE54-9A1E7A4F7556}") = "taskTwo", "lesson1\task2\taskTwo.csproj", "{7DF30454-AC30-422E-813D-F1063AA289C9}"
EndProject
Project("{9A19103F-16F7-4668-BE54-9A1E7A4F7556}") = "taskThree", "lesson1\task3\taskThree.csproj", "{D5D428D2-DC4B-454F-92E3-7AF8D5B1E29D}"
EndProject
Project("{9A19103F-16F7-4668-BE54-9A1E7A4F7556}") = "taskFour", "lesson1\task4\taskFour.csproj", "{716B77B2-9E5A-4253-A2DC-77D254E7C7D1}"
EndProject
Project("{9A19103F-16F7-4668-BE54-9A1E7A4F7556}") = "task5", "lesson1\task5\task5.csproj", "{AD8DB6B8-2E9D-41B0-BF25-72B9F6C74383}"
EndProject
Project("{9A19103F-16F7-4668-BE54-9A1E7A4F7556}") = "task6", "lesson1\task6\task6.csproj", "{23CAF57C-EDAB-4462-BB4E-C8DE1002C371}"
EndProject
Project("{9A19103F-16F7-4668-BE54-9A1E7A4F7556}") = "task7", "lesson1\task7\task7.csproj", "{CB04238C-8D0B-475C-A508-D4E6996B47DE}"
EndProject
Project("{9A19103F-16F7-4668-BE54-9A1E7A4F7556}") = "task8", "lesson1\task8\task8.csproj", "{928133D4-EAFE-42AD-8193-E15566295E29}"
EndProject
Project("{9A19103F-16F7-4668-BE54-9A1E7A4F7556}") = "task9", "lesson1\task9\task9.csproj", "{3C0F7540-4EAA-4E2E-A9BC-EEE6CD4D0971}"
EndProject
Project("{2150E333-8FDC-42A3-9474-1A3956D46DE8}") = "lesson2", "lesson2", "{74A98714-BE59-4B64-809A-EFA5601FF730}"
EndProject
Project("{9A19103F-16F7-4668-BE54-9A1E7A4F7556}") = "task1", "lesson2\task1\task1.csproj", "{29A751C1-D781-4256-929F-B42E7DE53778}"
EndProject
Project("{9A19103F-16F7-4668-BE54-9A1E7A4F7556}") = "task2", "lesson2\task2\task2.csproj", "{585713D2-82D2-4B29-9E40-983A8A288A85}"
EndProject
Project("{9A19103F-16F7-4668-BE54-9A1E7A4F7556}") = "task3", "lesson2\task3\task3.csproj", "{664A4F17-2D4F-4E77-A893-1DFA480D734A}"
EndProject
Project("{9A19103F-16F7-4668-BE54-9A1E7A4F7556}") = "task4", "lesson2\task4\task4.csproj", "{AD5BA80B-DDF3-44A5-B926-F04DB92FDCF9}"
EndProject
Project("{2150E333-8FDC-42A3-9474-1A3956D46DE8}") = "lesson3", "lesson3", "{E394FC39-063E-4474-825C-959E0701C847}"
EndProject
Project("{9A19103F-16F7-4668-BE54-9A1E7A4F7556}") = "task1", "lesson3\task1\task1.csproj", "{44F51C86-A1E7-4EAB-A095-1E7DF878A188}"
EndProject
Project("{9A19103F-16F7-4668-BE54-9A1E7A4F7556}") = "task2", "lesson3\task2\task2.csproj", "{80089B74-5353-42CE-8BC3-99362B0D6C47}"
EndProject
Project("{9A19103F-16F7-4668-BE54-9A1E7A4F7556}") = "task3", "lesson3\task3\task3.csproj", "{8D586424-57E7-4266-B773-3BE46A1EC6CC}"
EndProject
Project("{9A19103F-16F7-4668-BE54-9A1E7A4F7556}") = "task4", "lesson3\task4\task4.csproj", "{1AAC5C55-16B6-4A7A-A054-6C2AAAF975B7}"
EndProject
Project("{2150E333-8FDC-42A3-9474-1A3956D46DE8}") = "myHomework", "myHomework", "{84B16F4B-EEC2-46DC-A5A0-2B47F6733B63}"
EndProject
Project("{9A19103F-16F7-4668-BE54-9A1E7A4F7556}") = "task1", "lesson2\myHomework\task1\task1.csproj", "{A081A22C-44A7-4923-B8CF-9FDC02BCE93F}"
EndProject
Project("{9A19103F-16F7-4668-BE54-9A1E7A4F7556}") = "task2", "lesson2\myHomework\task2\task2.csproj", "{540A2AF3-2404-41B4-9149-5E42489B826D}"
EndProject
Project("{9A19103F-16F7-4668-BE54-9A1E7A4F7556}") = "task3", "lesson2\myHomework\task3\task3.csproj", "{36A640F5-C6F3-4718-87ED-A4B5A95CAEB1}"
EndProject
Project("{9A19103F-16F7-4668-BE54-9A1E7A4F7556}") = "task4", "lesson2\myHomework\task4\task4.csproj", "{2978E169-AA61-48C3-95FE-59207707633D}"
EndProject
Project("{2150E333-8FDC-42A3-9474-1A3956D46DE8}") = "myHomework", "myHomework", "{73F6095F-A75A-40BC-B8EB-AD1BF8FC3B71}"
EndProject
Project("{9A19103F-16F7-4668-BE54-9A1E7A4F7556}") = "task1", "lesson3\myHomework\task1\task1.csproj", "{248DF65B-DB9F-4F17-BBE7-3EC7C953EB1F}"
EndProject
Project("{9A19103F-16F7-4668-BE54-9A1E7A4F7556}") = "task2", "lesson3\myHomework\task2\task2.csproj", "{B6C5DFEC-2836-4A8A-BEB0-0141EF47B820}"
EndProject
Project("{9A19103F-16F7-4668-BE54-9A1E7A4F7556}") = "task3", "lesson3\myHomework\task3\task3.csproj", "{95D3C022-5F14-4089-85D1-60697A934A95}"
EndProject
Global
	GlobalSection(SolutionConfigurationPlatforms) = preSolution
		Debug|Any CPU = Debug|Any CPU
		Release|Any CPU = Release|Any CPU
	EndGlobalSection
	GlobalSection(ProjectConfigurationPlatforms) = postSolution
		{27A85369-1D8D-468B-A32A-0A2432D0BFD0}.Debug|Any CPU.ActiveCfg = Debug|Any CPU
		{27A85369-1D8D-468B-A32A-0A2432D0BFD0}.Debug|Any CPU.Build.0 = Debug|Any CPU
		{27A85369-1D8D-468B-A32A-0A2432D0BFD0}.Release|Any CPU.ActiveCfg = Release|Any CPU
		{27A85369-1D8D-468B-A32A-0A2432D0BFD0}.Release|Any CPU.Build.0 = Release|Any CPU
		{9B81C321-1827-4F39-8018-84CA493F20FB}.Debug|Any CPU.ActiveCfg = Debug|Any CPU
		{9B81C321-1827-4F39-8018-84CA493F20FB}.Debug|Any CPU.Build.0 = Debug|Any CPU
		{9B81C321-1827-4F39-8018-84CA493F20FB}.Release|Any CPU.ActiveCfg = Release|Any CPU
		{9B81C321-1827-4F39-8018-84CA493F20FB}.Release|Any CPU.Build.0 = Release|Any CPU
		{7DF30454-AC30-422E-813D-F1063AA289C9}.Debug|Any CPU.ActiveCfg = Debug|Any CPU
		{7DF30454-AC30-422E-813D-F1063AA289C9}.Debug|Any CPU.Build.0 = Debug|Any CPU
		{7DF30454-AC30-422E-813D-F1063AA289C9}.Release|Any CPU.ActiveCfg = Release|Any CPU
		{7DF30454-AC30-422E-813D-F1063AA289C9}.Release|Any CPU.Build.0 = Release|Any CPU
		{D5D428D2-DC4B-454F-92E3-7AF8D5B1E29D}.Debug|Any CPU.ActiveCfg = Debug|Any CPU
		{D5D428D2-DC4B-454F-92E3-7AF8D5B1E29D}.Debug|Any CPU.Build.0 = Debug|Any CPU
		{D5D428D2-DC4B-454F-92E3-7AF8D5B1E29D}.Release|Any CPU.ActiveCfg = Release|Any CPU
		{D5D428D2-DC4B-454F-92E3-7AF8D5B1E29D}.Release|Any CPU.Build.0 = Release|Any CPU
		{716B77B2-9E5A-4253-A2DC-77D254E7C7D1}.Debug|Any CPU.ActiveCfg = Debug|Any CPU
		{716B77B2-9E5A-4253-A2DC-77D254E7C7D1}.Debug|Any CPU.Build.0 = Debug|Any CPU
		{716B77B2-9E5A-4253-A2DC-77D254E7C7D1}.Release|Any CPU.ActiveCfg = Release|Any CPU
		{716B77B2-9E5A-4253-A2DC-77D254E7C7D1}.Release|Any CPU.Build.0 = Release|Any CPU
		{AD8DB6B8-2E9D-41B0-BF25-72B9F6C74383}.Debug|Any CPU.ActiveCfg = Debug|Any CPU
		{AD8DB6B8-2E9D-41B0-BF25-72B9F6C74383}.Debug|Any CPU.Build.0 = Debug|Any CPU
		{AD8DB6B8-2E9D-41B0-BF25-72B9F6C74383}.Release|Any CPU.ActiveCfg = Release|Any CPU
		{AD8DB6B8-2E9D-41B0-BF25-72B9F6C74383}.Release|Any CPU.Build.0 = Release|Any CPU
		{23CAF57C-EDAB-4462-BB4E-C8DE1002C371}.Debug|Any CPU.ActiveCfg = Debug|Any CPU
		{23CAF57C-EDAB-4462-BB4E-C8DE1002C371}.Debug|Any CPU.Build.0 = Debug|Any CPU
		{23CAF57C-EDAB-4462-BB4E-C8DE1002C371}.Release|Any CPU.ActiveCfg = Release|Any CPU
		{23CAF57C-EDAB-4462-BB4E-C8DE1002C371}.Release|Any CPU.Build.0 = Release|Any CPU
		{CB04238C-8D0B-475C-A508-D4E6996B47DE}.Debug|Any CPU.ActiveCfg = Debug|Any CPU
		{CB04238C-8D0B-475C-A508-D4E6996B47DE}.Debug|Any CPU.Build.0 = Debug|Any CPU
		{CB04238C-8D0B-475C-A508-D4E6996B47DE}.Release|Any CPU.ActiveCfg = Release|Any CPU
		{CB04238C-8D0B-475C-A508-D4E6996B47DE}.Release|Any CPU.Build.0 = Release|Any CPU
		{928133D4-EAFE-42AD-8193-E15566295E29}.Debug|Any CPU.ActiveCfg = Debug|Any CPU
		{928133D4-EAFE-42AD-8193-E15566295E29}.Debug|Any CPU.Build.0 = Debug|Any CPU
		{928133D4-EAFE-42AD-8193-E15566295E29}.Release|Any CPU.ActiveCfg = Release|Any CPU
		{928133D4-EAFE-42AD-8193-E15566295E29}.Release|Any CPU.Build.0 = Release|Any CPU
		{3C0F7540-4EAA-4E2E-A9BC-EEE6CD4D0971}.Debug|Any CPU.ActiveCfg = Debug|Any CPU
		{3C0F7540-4EAA-4E2E-A9BC-EEE6CD4D0971}.Debug|Any CPU.Build.0 = Debug|Any CPU
		{3C0F7540-4EAA-4E2E-A9BC-EEE6CD4D0971}.Release|Any CPU.ActiveCfg = Release|Any CPU
		{3C0F7540-4EAA-4E2E-A9BC-EEE6CD4D0971}.Release|Any CPU.Build.0 = Release|Any CPU
		{29A751C1-D781-4256-929F-B42E7DE53778}.Debug|Any CPU.ActiveCfg = Debug|Any CPU
		{29A751C1-D781-4256-929F-B42E7DE53778}.Debug|Any CPU.Build.0 = Debug|Any CPU
		{29A751C1-D781-4256-929F-B42E7DE53778}.Release|Any CPU.ActiveCfg = Release|Any CPU
		{29A751C1-D781-4256-929F-B42E7DE53778}.Release|Any CPU.Build.0 = Release|Any CPU
		{585713D2-82D2-4B29-9E40-983A8A288A85}.Debug|Any CPU.ActiveCfg = Debug|Any CPU
		{585713D2-82D2-4B29-9E40-983A8A288A85}.Debug|Any CPU.Build.0 = Debug|Any CPU
		{585713D2-82D2-4B29-9E40-983A8A288A85}.Release|Any CPU.ActiveCfg = Release|Any CPU
		{585713D2-82D2-4B29-9E40-983A8A288A85}.Release|Any CPU.Build.0 = Release|Any CPU
		{664A4F17-2D4F-4E77-A893-1DFA480D734A}.Debug|Any CPU.ActiveCfg = Debug|Any CPU
		{664A4F17-2D4F-4E77-A893-1DFA480D734A}.Debug|Any CPU.Build.0 = Debug|Any CPU
		{664A4F17-2D4F-4E77-A893-1DFA480D734A}.Release|Any CPU.ActiveCfg = Release|Any CPU
		{664A4F17-2D4F-4E77-A893-1DFA480D734A}.Release|Any CPU.Build.0 = Release|Any CPU
		{AD5BA80B-DDF3-44A5-B926-F04DB92FDCF9}.Debug|Any CPU.ActiveCfg = Debug|Any CPU
		{AD5BA80B-DDF3-44A5-B926-F04DB92FDCF9}.Debug|Any CPU.Build.0 = Debug|Any CPU
		{AD5BA80B-DDF3-44A5-B926-F04DB92FDCF9}.Release|Any CPU.ActiveCfg = Release|Any CPU
		{AD5BA80B-DDF3-44A5-B926-F04DB92FDCF9}.Release|Any CPU.Build.0 = Release|Any CPU
		{44F51C86-A1E7-4EAB-A095-1E7DF878A188}.Debug|Any CPU.ActiveCfg = Debug|Any CPU
		{44F51C86-A1E7-4EAB-A095-1E7DF878A188}.Debug|Any CPU.Build.0 = Debug|Any CPU
		{44F51C86-A1E7-4EAB-A095-1E7DF878A188}.Release|Any CPU.ActiveCfg = Release|Any CPU
		{44F51C86-A1E7-4EAB-A095-1E7DF878A188}.Release|Any CPU.Build.0 = Release|Any CPU
		{80089B74-5353-42CE-8BC3-99362B0D6C47}.Debug|Any CPU.ActiveCfg = Debug|Any CPU
		{80089B74-5353-42CE-8BC3-99362B0D6C47}.Debug|Any CPU.Build.0 = Debug|Any CPU
		{80089B74-5353-42CE-8BC3-99362B0D6C47}.Release|Any CPU.ActiveCfg = Release|Any CPU
		{80089B74-5353-42CE-8BC3-99362B0D6C47}.Release|Any CPU.Build.0 = Release|Any CPU
		{8D586424-57E7-4266-B773-3BE46A1EC6CC}.Debug|Any CPU.ActiveCfg = Debug|Any CPU
		{8D586424-57E7-4266-B773-3BE46A1EC6CC}.Debug|Any CPU.Build.0 = Debug|Any CPU
		{8D586424-57E7-4266-B773-3BE46A1EC6CC}.Release|Any CPU.ActiveCfg = Release|Any CPU
		{8D586424-57E7-4266-B773-3BE46A1EC6CC}.Release|Any CPU.Build.0 = Release|Any CPU
		{1AAC5C55-16B6-4A7A-A054-6C2AAAF975B7}.Debug|Any CPU.ActiveCfg = Debug|Any CPU
		{1AAC5C55-16B6-4A7A-A054-6C2AAAF975B7}.Debug|Any CPU.Build.0 = Debug|Any CPU
		{1AAC5C55-16B6-4A7A-A054-6C2AAAF975B7}.Release|Any CPU.ActiveCfg = Release|Any CPU
		{1AAC5C55-16B6-4A7A-A054-6C2AAAF975B7}.Release|Any CPU.Build.0 = Release|Any CPU
		{A081A22C-44A7-4923-B8CF-9FDC02BCE93F}.Debug|Any CPU.ActiveCfg = Debug|Any CPU
		{A081A22C-44A7-4923-B8CF-9FDC02BCE93F}.Debug|Any CPU.Build.0 = Debug|Any CPU
		{A081A22C-44A7-4923-B8CF-9FDC02BCE93F}.Release|Any CPU.ActiveCfg = Release|Any CPU
		{A081A22C-44A7-4923-B8CF-9FDC02BCE93F}.Release|Any CPU.Build.0 = Release|Any CPU
		{540A2AF3-2404-41B4-9149-5E42489B826D}.Debug|Any CPU.ActiveCfg = Debug|Any CPU
		{540A2AF3-2404-41B4-9149-5E42489B826D}.Debug|Any CPU.Build.0 = Debug|Any CPU
		{540A2AF3-2404-41B4-9149-5E42489B826D}.Release|Any CPU.ActiveCfg = Release|Any CPU
		{540A2AF3-2404-41B4-9149-5E42489B826D}.Release|Any CPU.Build.0 = Release|Any CPU
		{36A640F5-C6F3-4718-87ED-A4B5A95CAEB1}.Debug|Any CPU.ActiveCfg = Debug|Any CPU
		{36A640F5-C6F3-4718-87ED-A4B5A95CAEB1}.Debug|Any CPU.Build.0 = Debug|Any CPU
		{36A640F5-C6F3-4718-87ED-A4B5A95CAEB1}.Release|Any CPU.ActiveCfg = Release|Any CPU
		{36A640F5-C6F3-4718-87ED-A4B5A95CAEB1}.Release|Any CPU.Build.0 = Release|Any CPU
		{2978E169-AA61-48C3-95FE-59207707633D}.Debug|Any CPU.ActiveCfg = Debug|Any CPU
		{2978E169-AA61-48C3-95FE-59207707633D}.Debug|Any CPU.Build.0 = Debug|Any CPU
		{2978E169-AA61-48C3-95FE-59207707633D}.Release|Any CPU.ActiveCfg = Release|Any CPU
		{2978E169-AA61-48C3-95FE-59207707633D}.Release|Any CPU.Build.0 = Release|Any CPU
		{248DF65B-DB9F-4F17-BBE7-3EC7C953EB1F}.Debug|Any CPU.ActiveCfg = Debug|Any CPU
		{248DF65B-DB9F-4F17-BBE7-3EC7C953EB1F}.Debug|Any CPU.Build.0 = Debug|Any CPU
		{248DF65B-DB9F-4F17-BBE7-3EC7C953EB1F}.Release|Any CPU.ActiveCfg = Release|Any CPU
		{248DF65B-DB9F-4F17-BBE7-3EC7C953EB1F}.Release|Any CPU.Build.0 = Release|Any CPU
		{B6C5DFEC-2836-4A8A-BEB0-0141EF47B820}.Debug|Any CPU.ActiveCfg = Debug|Any CPU
		{B6C5DFEC-2836-4A8A-BEB0-0141EF47B820}.Debug|Any CPU.Build.0 = Debug|Any CPU
		{B6C5DFEC-2836-4A8A-BEB0-0141EF47B820}.Release|Any CPU.ActiveCfg = Release|Any CPU
		{B6C5DFEC-2836-4A8A-BEB0-0141EF47B820}.Release|Any CPU.Build.0 = Release|Any CPU
		{95D3C022-5F14-4089-85D1-60697A934A95}.Debug|Any CPU.ActiveCfg = Debug|Any CPU
		{95D3C022-5F14-4089-85D1-60697A934A95}.Debug|Any CPU.Build.0 = Debug|Any CPU
		{95D3C022-5F14-4089-85D1-60697A934A95}.Release|Any CPU.ActiveCfg = Release|Any CPU
		{95D3C022-5F14-4089-85D1-60697A934A95}.Release|Any CPU.Build.0 = Release|Any CPU
	EndGlobalSection
	GlobalSection(SolutionProperties) = preSolution
		HideSolutionNode = FALSE
	EndGlobalSection
	GlobalSection(NestedProjects) = preSolution
		{27A85369-1D8D-468B-A32A-0A2432D0BFD0} = {10EBA77B-D252-4155-8FD8-D1B92FEC2C58}
		{9B81C321-1827-4F39-8018-84CA493F20FB} = {10EBA77B-D252-4155-8FD8-D1B92FEC2C58}
		{7DF30454-AC30-422E-813D-F1063AA289C9} = {10EBA77B-D252-4155-8FD8-D1B92FEC2C58}
		{D5D428D2-DC4B-454F-92E3-7AF8D5B1E29D} = {10EBA77B-D252-4155-8FD8-D1B92FEC2C58}
		{716B77B2-9E5A-4253-A2DC-77D254E7C7D1} = {10EBA77B-D252-4155-8FD8-D1B92FEC2C58}
		{AD8DB6B8-2E9D-41B0-BF25-72B9F6C74383} = {10EBA77B-D252-4155-8FD8-D1B92FEC2C58}
		{23CAF57C-EDAB-4462-BB4E-C8DE1002C371} = {10EBA77B-D252-4155-8FD8-D1B92FEC2C58}
		{CB04238C-8D0B-475C-A508-D4E6996B47DE} = {10EBA77B-D252-4155-8FD8-D1B92FEC2C58}
		{928133D4-EAFE-42AD-8193-E15566295E29} = {10EBA77B-D252-4155-8FD8-D1B92FEC2C58}
		{3C0F7540-4EAA-4E2E-A9BC-EEE6CD4D0971} = {10EBA77B-D252-4155-8FD8-D1B92FEC2C58}
		{29A751C1-D781-4256-929F-B42E7DE53778} = {74A98714-BE59-4B64-809A-EFA5601FF730}
		{585713D2-82D2-4B29-9E40-983A8A288A85} = {74A98714-BE59-4B64-809A-EFA5601FF730}
		{664A4F17-2D4F-4E77-A893-1DFA480D734A} = {74A98714-BE59-4B64-809A-EFA5601FF730}
		{AD5BA80B-DDF3-44A5-B926-F04DB92FDCF9} = {74A98714-BE59-4B64-809A-EFA5601FF730}
		{44F51C86-A1E7-4EAB-A095-1E7DF878A188} = {E394FC39-063E-4474-825C-959E0701C847}
		{80089B74-5353-42CE-8BC3-99362B0D6C47} = {E394FC39-063E-4474-825C-959E0701C847}
		{8D586424-57E7-4266-B773-3BE46A1EC6CC} = {E394FC39-063E-4474-825C-959E0701C847}
		{1AAC5C55-16B6-4A7A-A054-6C2AAAF975B7} = {E394FC39-063E-4474-825C-959E0701C847}
		{84B16F4B-EEC2-46DC-A5A0-2B47F6733B63} = {74A98714-BE59-4B64-809A-EFA5601FF730}
		{A081A22C-44A7-4923-B8CF-9FDC02BCE93F} = {84B16F4B-EEC2-46DC-A5A0-2B47F6733B63}
		{540A2AF3-2404-41B4-9149-5E42489B826D} = {84B16F4B-EEC2-46DC-A5A0-2B47F6733B63}
		{36A640F5-C6F3-4718-87ED-A4B5A95CAEB1} = {84B16F4B-EEC2-46DC-A5A0-2B47F6733B63}
		{2978E169-AA61-48C3-95FE-59207707633D} = {84B16F4B-EEC2-46DC-A5A0-2B47F6733B63}
		{73F6095F-A75A-40BC-B8EB-AD1BF8FC3B71} = {E394FC39-063E-4474-825C-959E0701C847}
		{248DF65B-DB9F-4F17-BBE7-3EC7C953EB1F} = {73F6095F-A75A-40BC-B8EB-AD1BF8FC3B71}
		{B6C5DFEC-2836-4A8A-BEB0-0141EF47B820} = {73F6095F-A75A-40BC-B8EB-AD1BF8FC3B71}
		{95D3C022-5F14-4089-85D1-60697A934A95} = {73F6095F-A75A-40BC-B8EB-AD1BF8FC3B71}
	EndGlobalSection
	GlobalSection(ExtensibilityGlobals) = postSolution
		SolutionGuid = {4BC27E71-65FC-42FB-B2FF-D1B2412CD670}
	EndGlobalSection
EndGlobal
